github.com/IBM-Bluemix/golang-openssl-wrapper v0.0.0-20160104220506-7f2d5273b515 h1:rIcHnkq18iXH6u8s7isdVeZNEv7gUOMIunL3sebAt5U=
github.com/IBM-Bluemix/golang-openssl-wrapper v0.0.0-20160104220506-7f2d5273b515/go.mod h1:HDrMUz74e5trPA+R70vgy9Y0TXaODOYq/1P28KuWgIg=
github.com/logrusorgru/aurora v0.0.0-20200102142835-e9ef32dff381 h1:bqDmpDG49ZRnB5PcgP0RXtQvnMSgIF14M7CBd2shtXs=
github.com/logrusorgru/aurora v0.0.0-20200102142835-e9ef32dff381/go.mod h1:7rIyQOR62GCctdiQpZ/zOJlFyk6y+94wXzv6RNZgaR4=
github.com/spacemonkeygo/openssl v0.0.0-20181017203307-c2dcc5cca94a h1:/eS3yfGjQKG+9kayBkj0ip1BGhq6zJ3eaVksphxAaek=
github.com/spacemonkeygo/openssl v0.0.0-20181017203307-c2dcc5cca94a/go.mod h1:7AyxJNCJ7SBZ1MfVQCWD6Uqo2oubI2Eq2y2eqf+A5r0=
github.com/spacemonkeygo/spacelog v0.0.0-20180420211403-2296661a0572 h1:RC6RW7j+1+HkWaX/Yh71Ee5ZHaHYt7ZP4sQgUrm6cDU=
github.com/spacemonkeygo/spacelog v0.0.0-20180420211403-2296661a0572/go.mod h1:w0SWMsp6j9O/dk4/ZpIhL+3CkG8ofA2vuv7k+ltqUMc=
github.com/vadims/sslconn v0.0.0-20120906080927-49261b4107bf h1:CfM8D5EakI+nnLCb1jhXe6kzwHGB8zY7avaqua3FcTw=
github.com/vadims/sslconn v0.0.0-20120906080927-49261b4107bf/go.mod h1:yGoAl8fk2HD/NQ2TQF3FJYbyZf0EfURKX/Bp6NDfrp8=
golang.org/x/sys v0.0.0-20200509044756-6aff5f38e54f h1:mOhmO9WsBaJCNmaZHPtHs9wOcdqdKCjF6OPJlmDM3KI=
golang.org/x/sys v0.0.0-20200509044756-6aff5f38e54f/go.mod h1:h1NjWce9XRLGQEsW7wpKNCjG9DtNlClVuFLEZdDNbEs=
